
Microsoft Visual Studio Solution File, Format Version 12.00
# Visual Studio Version 16
VisualStudioVersion = 16.0.31410.357
MinimumVisualStudioVersion = 10.0.40219.1
Project("{888888A0-9F3D-457C-B088-3A5042F75D52}") = "voteinviter", "voteinviter.pyproj", "{D0E44D8B-4F8C-46C8-876D-B33826771100}"
EndProject
Global
	GlobalSection(SolutionConfigurationPlatforms) = preSolution
		Debug|Any CPU = Debug|Any CPU
		Release|Any CPU = Release|Any CPU
	EndGlobalSection
	GlobalSection(ProjectConfigurationPlatforms) = postSolution
		{D0E44D8B-4F8C-46C8-876D-B33826771100}.Debug|Any CPU.ActiveCfg = Debug|Any CPU
		{D0E44D8B-4F8C-46C8-876D-B33826771100}.Release|Any CPU.ActiveCfg = Release|Any CPU
	EndGlobalSection
	GlobalSection(SolutionProperties) = preSolution
		HideSolutionNode = FALSE
	EndGlobalSection
	GlobalSection(ExtensibilityGlobals) = postSolution
		SolutionGuid = {114319EC-5249-43C2-AB30-2789C9B24AC5}
	EndGlobalSection
EndGlobal
